
Microsoft Visual Studio Solution File, Format Version 12.00
# Visual Studio Version 16
VisualStudioVersion = 16.0.30804.86
MinimumVisualStudioVersion = 10.0.40219.1
Project("{FAE04EC0-301F-11D3-BF4B-00C04F79EFBC}") = "mvk_input", "mk_input\mvk_input.csproj", "{500BE500-6EFB-4498-AC7E-A60FFB4635B7}"
EndProject
Global
	GlobalSection(SolutionConfigurationPlatforms) = preSolution
		Debug|Any CPU = Debug|Any CPU
		Release|Any CPU = Release|Any CPU
		Release64|Any CPU = Release64|Any CPU
	EndGlobalSection
	GlobalSection(ProjectConfigurationPlatforms) = postSolution
		{500BE500-6EFB-4498-AC7E-A60FFB4635B7}.Debug|Any CPU.ActiveCfg = Debug|Any CPU
		{500BE500-6EFB-4498-AC7E-A60FFB4635B7}.Debug|Any CPU.Build.0 = Debug|Any CPU
		{500BE500-6EFB-4498-AC7E-A60FFB4635B7}.Release|Any CPU.ActiveCfg = Release|Any CPU
		{500BE500-6EFB-4498-AC7E-A60FFB4635B7}.Release|Any CPU.Build.0 = Release|Any CPU
		{500BE500-6EFB-4498-AC7E-A60FFB4635B7}.Release64|Any CPU.ActiveCfg = Release64|x64
		{500BE500-6EFB-4498-AC7E-A60FFB4635B7}.Release64|Any CPU.Build.0 = Release64|x64
	EndGlobalSection
	GlobalSection(SolutionProperties) = preSolution
		HideSolutionNode = FALSE
	EndGlobalSection
	GlobalSection(ExtensibilityGlobals) = postSolution
		SolutionGuid = {55024F73-27E1-45F8-BA53-F9917A378F91}
	EndGlobalSection
EndGlobal
